
Microsoft Visual Studio Solution File, Format Version 12.00
# Visual Studio Version 17
VisualStudioVersion = 17.11.35327.3
MinimumVisualStudioVersion = 10.0.40219.1
Project("{2150E333-8FDC-42A3-9474-1A3956D46DE8}") = "src", "src", "{4E5BDB63-B776-4CA8-878B-AD45D9EE2BD0}"
EndProject
Project("{9A19103F-16F7-4668-BE54-9A1E7A4F7556}") = "Api", "src\Api\Api.csproj", "{DB79BB5F-92B0-4310-A7C2-AA9D42852513}"
EndProject
Project("{9A19103F-16F7-4668-BE54-9A1E7A4F7556}") = "Business", "src\Business\Business.csproj", "{7B30763A-2595-4B24-BE66-0C0733E8542D}"
EndProject
Project("{9A19103F-16F7-4668-BE54-9A1E7A4F7556}") = "Data", "src\Data\Data.csproj", "{143FE1E0-F0AA-4D0F-929E-BAEE351F14D7}"
EndProject
Global
	GlobalSection(SolutionConfigurationPlatforms) = preSolution
		Debug|Any CPU = Debug|Any CPU
		Release|Any CPU = Release|Any CPU
	EndGlobalSection
	GlobalSection(ProjectConfigurationPlatforms) = postSolution
		{DB79BB5F-92B0-4310-A7C2-AA9D42852513}.Debug|Any CPU.ActiveCfg = Debug|Any CPU
		{DB79BB5F-92B0-4310-A7C2-AA9D42852513}.Debug|Any CPU.Build.0 = Debug|Any CPU
		{DB79BB5F-92B0-4310-A7C2-AA9D42852513}.Release|Any CPU.ActiveCfg = Release|Any CPU
		{DB79BB5F-92B0-4310-A7C2-AA9D42852513}.Release|Any CPU.Build.0 = Release|Any CPU
		{7B30763A-2595-4B24-BE66-0C0733E8542D}.Debug|Any CPU.ActiveCfg = Debug|Any CPU
		{7B30763A-2595-4B24-BE66-0C0733E8542D}.Debug|Any CPU.Build.0 = Debug|Any CPU
		{7B30763A-2595-4B24-BE66-0C0733E8542D}.Release|Any CPU.ActiveCfg = Release|Any CPU
		{7B30763A-2595-4B24-BE66-0C0733E8542D}.Release|Any CPU.Build.0 = Release|Any CPU
		{143FE1E0-F0AA-4D0F-929E-BAEE351F14D7}.Debug|Any CPU.ActiveCfg = Debug|Any CPU
		{143FE1E0-F0AA-4D0F-929E-BAEE351F14D7}.Debug|Any CPU.Build.0 = Debug|Any CPU
		{143FE1E0-F0AA-4D0F-929E-BAEE351F14D7}.Release|Any CPU.ActiveCfg = Release|Any CPU
		{143FE1E0-F0AA-4D0F-929E-BAEE351F14D7}.Release|Any CPU.Build.0 = Release|Any CPU
	EndGlobalSection
	GlobalSection(SolutionProperties) = preSolution
		HideSolutionNode = FALSE
	EndGlobalSection
	GlobalSection(NestedProjects) = preSolution
		{DB79BB5F-92B0-4310-A7C2-AA9D42852513} = {4E5BDB63-B776-4CA8-878B-AD45D9EE2BD0}
		{7B30763A-2595-4B24-BE66-0C0733E8542D} = {4E5BDB63-B776-4CA8-878B-AD45D9EE2BD0}
		{143FE1E0-F0AA-4D0F-929E-BAEE351F14D7} = {4E5BDB63-B776-4CA8-878B-AD45D9EE2BD0}
	EndGlobalSection
	GlobalSection(ExtensibilityGlobals) = postSolution
		SolutionGuid = {B4CD978F-4A7F-4A50-A297-39C4BECDCB1C}
	EndGlobalSection
EndGlobal
